# This file is autogenerated, do not edit; changes may be undone by the next 'dep ensure'.


[[projects]]
  digest = "1:aa855bda8630186a6a2f33ac0142fd8c1644622af2e164bc3d8bbb69978b6467"
  name = "github.com/Jeffail/tunny"
  packages = ["."]
  pruneopts = "T"
  revision = "4921fff29480bad359ad2fb3271fb461c8ffe1fc"
  version = "0.1.2"

[[projects]]
  digest = "1:3c345e0c0d8c74216e1b8af4909936dc89568f4464b1ed3b74b66f66a7dcfeb0"
  name = "github.com/appleboy/gin-jwt"
  packages = ["."]
  pruneopts = "T"
  revision = "18c777042be3ecc5cb3bf79cd24cbd6b28683cdc"
  version = "v2.5.0"

[[projects]]
  digest = "1:ad19f3e78f40b8983af187e808ceb734cb0baf68c314f830bc8b2932331e27f5"
  name = "github.com/astaxie/beego"
  packages = ["httplib"]
  pruneopts = "T"
  revision = "1b6edafc96ad27b6515fafeccd7339dda3e997b1"
  version = "v1.11.1"

[[projects]]
  digest = "1:db932d4696ed23e244a69a60d258a23816aceb012a95e4c3871c711d4fc120e7"
  name = "github.com/boj/redistore"
  packages = ["."]
  pruneopts = "T"
  revision = "fc113767cd6b051980f260d6dbe84b2740c46ab0"
  version = "v1.2"

[[projects]]
  digest = "1:e47d51dab652d26c3fba6f8cba403f922d02757a82abdc77e90df7948daf296e"
  name = "github.com/deckarep/golang-set.git"
  packages = ["."]
  pruneopts = "T"
  revision = "cbaa98ba5575e67703b32b4b19f73c91f3c4159e"
  version = "v1.7.1"

[[projects]]
  digest = "1:30c81df6bc8e5518535aee2b1eacb1a9dab172ee608eeadb40f4db30f007027e"
  name = "github.com/garyburd/redigo"
  packages = [
    "internal",
    "redis",
  ]
  pruneopts = "T"
  revision = "a69d19351219b6dd56f274f96d85a7014a2ec34e"
  version = "v1.6.0"

[[projects]]
  digest = "1:27ae17a75b17237a08129c9dcca244fa55c6855502ea2838a7a00c362ad76b91"
  name = "github.com/gin-contrib/cors"
  packages = ["."]
  pruneopts = "T"
  revision = "cf4846e6a636a76237a28d9286f163c132e841bc"
  version = "v1.2"

[[projects]]
  branch = "master"
  digest = "1:3e13d0db8cb498626dd74b81cf15c0ae649688c51aad32b5a0728b35b3cc770e"
  name = "github.com/gin-contrib/gzip"
  packages = ["."]
  pruneopts = "T"
  revision = "d9117ce29a07e74cd267e057bd881564417bf74f"

[[projects]]
  digest = "1:6727435ae8030291b1abdb287869570b31e657e34a24d0e3a72683cf71f3d50b"
  name = "github.com/gin-contrib/pprof"
  packages = ["."]
  pruneopts = "T"
  revision = "cea200e02ddddca4b843d75d32aa13c413549de9"
  version = "v1.1"

[[projects]]
  branch = "master"
  digest = "1:36fe9527deed01d2a317617e59304eb2c4ce9f8a24115bcc5c2e37b3aee5bae4"
  name = "github.com/gin-contrib/sse"
  packages = ["."]
  pruneopts = "T"
  revision = "22d885f9ecc78bf4ee5d72b937e4bbcdc58e8cae"

[[projects]]
  branch = "master"
  digest = "1:0c96465749f8fba00ae3864f903f4b16722ee945500b1f4742b566e5ee50ceae"
  name = "github.com/gin-contrib/static"
  packages = ["."]
  pruneopts = "T"
  revision = "cf5e10bbd933040ff603b7f0fb85510bae9916f0"

[[projects]]
  branch = "master"
  digest = "1:595b839494ebe50d9c01bd494a2951396122034c3c70b9a7a63def490dc6e504"
  name = "github.com/gin-gonic/contrib"
  packages = ["sessions"]
  pruneopts = "T"
  revision = "54170a7b0b4b2f9219c79599b1b03830a5a7d68d"

[[projects]]
  digest = "1:a46c0549dc5facece0e543f3eeb9986f49d62920b385b84f54df7578915b939d"
  name = "github.com/gin-gonic/gin"
  packages = [
    ".",
    "binding",
    "json",
    "render",
  ]
  pruneopts = "T"
  revision = "b869fe1415e4b9eb52f247441830d502aece2d4d"
  version = "v1.3.0"

[[projects]]
  digest = "1:ea5aa3470e96517eb9dbb2a8880dec25f2dbaede3f86480f6d3e73fc09a38e93"
  name = "github.com/go-redis/redis"
  packages = [
    ".",
    "internal",
    "internal/consistenthash",
    "internal/hashtag",
    "internal/pool",
    "internal/proto",
    "internal/singleflight",
    "internal/util",
  ]
  pruneopts = "T"
  revision = "b3d9bf10f6666b2ee5100a6f3f84f4caf3b4e37d"
  version = "v6.14.2"

[[projects]]
  digest = "1:a2ecb56e5053d942aafc86738915fb94c9131bac848c543b8b6764365fd69080"
  name = "github.com/golang/protobuf"
  packages = [
    "proto",
    "ptypes",
    "ptypes/any",
    "ptypes/duration",
    "ptypes/timestamp",
  ]
  pruneopts = "T"
  revision = "aa810b61a9c79d51363740d207bb46cf8e620ed5"
  version = "v1.2.0"

[[projects]]
  digest = "1:c79fb010be38a59d657c48c6ba1d003a8aa651fa56b579d959d74573b7dff8e1"
  name = "github.com/gorilla/context"
  packages = ["."]
  pruneopts = "T"
  revision = "08b5f424b9271eedf6f9f0ce86cb9396ed337a42"
  version = "v1.1.1"

[[projects]]
  digest = "1:3b5918c233248a223d7215e6bd91e2dedb8c2503485e04a2218756f97953cb47"
  name = "github.com/gorilla/securecookie"
  packages = ["."]
  pruneopts = "T"
  revision = "e59506cc896acb7f7bf732d4fdf5e25f7ccd8983"
  version = "v1.1.1"

[[projects]]
  digest = "1:c3c14f89246dfaaf837ca22dc137471ba83906d26ca110134b25610b3ec1a69e"
  name = "github.com/gorilla/sessions"
  packages = ["."]
  pruneopts = "T"
  revision = "f57b7e2d29c6211d16ffa52a0998272f75799030"
  version = "v1.1.3"

[[projects]]
  digest = "1:7ed2f889c7386a4eaea5c15c9a72103f33c48bbca7f75e1c9fca9f5139f0af21"
  name = "github.com/influxdata/influxdb"
  packages = [
    "client",
    "models",
    "pkg/escape",
  ]
  pruneopts = "T"
  revision = "76f907b0fada2f16931e37471da695349fcdf8c6"
  version = "v1.7.2"

[[projects]]
  branch = "master"
  digest = "1:5c8a8024794dd8ffd830b0b1b2c0327c6a5edd6e7b23f5a71a05fcf9e6cb2524"
  name = "github.com/influxdata/platform"
  packages = [
    "models",
    "pkg/escape",
  ]
  pruneopts = "T"
  revision = "d00dd1b2dacdca69f9dc262d422d34f198f783e7"

[[projects]]
  branch = "master"
  digest = "1:b22e2ea75162f24c9ac356be7fd0bd852e81efdc1be3f9a412a695b74d9db1ff"
  name = "github.com/ivpusic/grpool"
  packages = ["."]
  pruneopts = "T"
  revision = "28957a27c9441f178d644aa598bac0aad4dd7bba"

[[projects]]
  digest = "1:5d713dbcad44f3358fec51fd5573d4f733c02cac5a40dcb177787ad5ffe9272f"
  name = "github.com/json-iterator/go"
  packages = ["."]
  pruneopts = "T"
  revision = "1624edc4454b8682399def8740d46db5e4362ba4"
  version = "1.1.5"

[[projects]]
  digest = "1:53e8c5c79716437e601696140e8b1801aae4204f4ec54a504333702a49572c4f"
  name = "github.com/magiconair/properties"
  packages = ["."]
  pruneopts = "T"
  revision = "c2353362d570a7bfa228149c62842019201cfb71"
  version = "v1.8.0"

[[projects]]
  digest = "1:0981502f9816113c9c8c4ac301583841855c8cf4da8c72f696b3ebedf6d0e4e5"
  name = "github.com/mattn/go-isatty"
  packages = ["."]
  pruneopts = "T"
  revision = "6ca4dbf54d38eea1a992b3c722a76a5d1c4cb25c"
  version = "v0.0.4"

[[projects]]
  digest = "1:33422d238f147d247752996a26574ac48dcf472976eda7f5134015f06bf16563"
  name = "github.com/modern-go/concurrent"
  packages = ["."]
  pruneopts = "T"
  revision = "bacd9c7ef1dd9b15be4a9909b8ac7a4e313eec94"
  version = "1.0.3"

[[projects]]
  digest = "1:e32bdbdb7c377a07a9a46378290059822efdce5c8d96fe71940d87cb4f918855"
  name = "github.com/modern-go/reflect2"
  packages = ["."]
  pruneopts = "T"
  revision = "4b7aa43c6742a2c18fdef89dd197aaae7dac7ccd"
  version = "1.0.1"

[[projects]]
  branch = "master"
  digest = "1:4e1e0e562188a53d5301f2ce0590c1de08ec8820f508fc25cac37ea439e6a914"
  name = "github.com/rcrowley/go-metrics"
  packages = ["."]
  pruneopts = "T"
  revision = "3113b8401b8a98917cde58f8bbd42a1b1c03b1fd"

[[projects]]
  digest = "1:ed615c5430ecabbb0fb7629a182da65ecee6523900ac1ac932520860878ffcad"
  name = "github.com/robfig/cron"
  packages = ["."]
  pruneopts = "T"
  revision = "b41be1df696709bb6395fe435af20370037c0b4c"
  version = "v1.1"

[[projects]]
  branch = "master"
  digest = "1:d8202d3e0570cfc01a439f0eeacc774ac98d507c1fe4bccf878d8cdf0e078314"
  name = "github.com/streadway/amqp"
  packages = ["."]
  pruneopts = "T"
  revision = "a314942b2fd9dde7a3f70ba3f1062848ce6eb392"

[[projects]]
  digest = "1:a71a71ef17f7d6fc49b0572bb3d1253a5408dd5abb48d8908ac64a6e3f919ba8"
  name = "github.com/ugorji/go"
  packages = ["codec"]
  pruneopts = "T"
  revision = "b4c50a2b199d93b13dc15e78929cfb23bfdf21ab"
  version = "v1.1.1"

[[projects]]
  branch = "master"
  digest = "1:6764eb3d860b8bbcec6713633c372a44d31fbc73ab740d1f95682782373d8293"
  name = "github.com/vrischmann/go-metrics-influxdb"
  packages = ["."]
  pruneopts = "T"
  revision = "43af8332c303f62ef62663b02b3b7d8a9802002a"

[[projects]]
  digest = "1:365b8ecb35a5faf5aa0ee8d798548fc9cd4200cb95d77a5b0b285ac881bae499"
  name = "go.uber.org/atomic"
  packages = ["."]
  pruneopts = "T"
  revision = "1ea20fb1cbb1cc08cbd0d913a96dead89aa18289"
  version = "v1.3.2"

[[projects]]
  digest = "1:8da5d356e645cc806b953f35966e9185e9f3817c6cee54f9b33ca602544ee434"
  name = "go.uber.org/multierr"
  packages = ["."]
  pruneopts = "T"
  revision = "3c4937480c32f4c13a875a1829af76c98ca3d40a"
  version = "v1.1.0"

[[projects]]
  digest = "1:c57d4b95825e74f8eb3b0c851d04aac3626a602de613f8702c0de41de26856b6"
  name = "go.uber.org/zap"
  packages = [
    ".",
    "buffer",
    "internal/bufferpool",
    "internal/color",
    "internal/exit",
    "zapcore",
  ]
  pruneopts = "T"
  revision = "ff33455a0e382e8a81d14dd7c922020b6b5e7982"
  version = "v1.9.1"

[[projects]]
  branch = "master"
  digest = "1:6a668f89e7e121bf970a6dc37c729f05f5261ae64e27945326d896ad158e5a10"
  name = "golang.org/x/net"
  packages = [
    "context",
    "http/httpguts",
    "http2",
    "http2/hpack",
    "idna",
    "internal/timeseries",
    "trace",
  ]
  pruneopts = "T"
  revision = "927f97764cc334a6575f4b7a1584a147864d5723"

[[projects]]
  branch = "master"
  digest = "1:50eb9e3f847dc29971fecac71bf84a32e9d756dd34216cf9219c50bd3801b4c4"
  name = "golang.org/x/sys"
  packages = ["unix"]
  pruneopts = "T"
  revision = "b4a75ba826a64a70990f11a225237acd6ef35c9f"

[[projects]]
  digest = "1:6164911cb5e94e8d8d5131d646613ff82c14f5a8ce869de2f6d80d9889df8c5a"
  name = "golang.org/x/text"
  packages = [
    "collate",
    "collate/build",
    "internal/colltab",
    "internal/gen",
    "internal/tag",
    "internal/triegen",
    "internal/ucd",
    "language",
    "secure/bidirule",
    "transform",
    "unicode/bidi",
    "unicode/cldr",
    "unicode/norm",
    "unicode/rangetable",
  ]
  pruneopts = "T"
  revision = "f21a4dfb5e38f5895301dc265a8def02365cc3d0"
  version = "v0.3.0"

[[projects]]
  branch = "master"
  digest = "1:8c7bf8f974d0b63a83834e83b6dd39c2b40d61d409d76172c81d67eba8fee4a8"
  name = "google.golang.org/genproto"
  packages = ["googleapis/rpc/status"]
  pruneopts = "T"
  revision = "bd9b4fb69e2ffd37621a6caa54dcbead29b546f2"

[[projects]]
  digest = "1:c32026b4d2b9f7240ad72edf0dffca4e5863d5edc1ea25416d64929926b5ac67"
  name = "google.golang.org/grpc"
  packages = [
    ".",
    "balancer",
    "balancer/base",
    "balancer/roundrobin",
    "binarylog/grpc_binarylog_v1",
    "codes",
    "connectivity",
    "credentials",
    "credentials/internal",
    "encoding",
    "encoding/proto",
    "grpclog",
    "internal",
    "internal/backoff",
    "internal/binarylog",
    "internal/channelz",
    "internal/envconfig",
    "internal/grpcrand",
    "internal/grpcsync",
    "internal/syscall",
    "internal/transport",
    "keepalive",
    "metadata",
    "naming",
    "peer",
    "resolver",
    "resolver/dns",
    "resolver/passthrough",
    "stats",
    "status",
    "tap",
  ]
  pruneopts = "T"
  revision = "df014850f6dee74ba2fc94874043a9f3f75fbfd8"
  version = "v1.17.0"

[[projects]]
  digest = "1:6b014c67cb522566c30ef02116f9acb50cd60954708cf92c6654e2985696db18"
  name = "gopkg.in/dgrijalva/jwt-go.v3"
  packages = ["."]
  pruneopts = "T"
  revision = "06ea1031745cb8b3dab3f6a236daf2b0aa468b7e"
  version = "v3.2.0"

[[projects]]
  digest = "1:02714116710abce990f3fa478f52c8e7029590ef13f35aab723beecdf829f136"
  name = "gopkg.in/go-playground/validator.v8"
  packages = ["."]
  pruneopts = "T"
  revision = "5f1438d3fca68893a817e4a66806cea46a9e4ebf"
  version = "v8.18.2"

[[projects]]
  digest = "1:c805e517269b0ba4c21ded5836019ed7d16953d4026cb7d00041d039c7906be9"
  name = "gopkg.in/natefinch/lumberjack.v2"
  packages = ["."]
  pruneopts = "T"
  revision = "a96e63847dc3c67d17befa69c303767e2f84e54f"
  version = "v2.1"

[[projects]]
  digest = "1:4d2e5a73dc1500038e504a8d78b986630e3626dc027bc030ba5c75da257cdb96"
  name = "gopkg.in/yaml.v2"
  packages = ["."]
  pruneopts = "T"
  revision = "51d6538a90f86fe93ac480b35f37b2be17fef232"
  version = "v2.2.2"

[solve-meta]
  analyzer-name = "dep"
  analyzer-version = 1
  input-imports = [
    "github.com/Jeffail/tunny",
    "github.com/appleboy/gin-jwt",
    "github.com/astaxie/beego/httplib",
    "github.com/deckarep/golang-set.git",
    "github.com/gin-contrib/cors",
    "github.com/gin-contrib/gzip",
    "github.com/gin-contrib/pprof",
    "github.com/gin-contrib/static",
    "github.com/gin-gonic/contrib/sessions",
    "github.com/gin-gonic/gin",
    "github.com/go-redis/redis",
    "github.com/golang/protobuf/proto",
    "github.com/ivpusic/grpool",
    "github.com/json-iterator/go",
    "github.com/magiconair/properties",
    "github.com/rcrowley/go-metrics",
    "github.com/robfig/cron",
    "github.com/streadway/amqp",
    "github.com/vrischmann/go-metrics-influxdb",
    "go.uber.org/zap",
    "go.uber.org/zap/zapcore",
    "golang.org/x/net/context",
    "google.golang.org/grpc",
    "gopkg.in/natefinch/lumberjack.v2",
  ]
  solver-name = "gps-cdcl"
  solver-version = 1
